
Microsoft Visual Studio Solution File, Format Version 12.00
# Visual Studio 2012
Project("{FAE04EC0-301F-11D3-BF4B-00C04F79EFBC}") = "DijkstrasAlgorithm", "DijkstrasAlgorithm\DijkstrasAlgorithm.csproj", "{8A25C5BF-3FEB-4982-8B78-D66B2D0D9B6E}"
EndProject
Global
	GlobalSection(SolutionConfigurationPlatforms) = preSolution
		Debug|Any CPU = Debug|Any CPU
		Release|Any CPU = Release|Any CPU
	EndGlobalSection
	GlobalSection(ProjectConfigurationPlatforms) = postSolution
		{8A25C5BF-3FEB-4982-8B78-D66B2D0D9B6E}.Debug|Any CPU.ActiveCfg = Debug|Any CPU
		{8A25C5BF-3FEB-4982-8B78-D66B2D0D9B6E}.Debug|Any CPU.Build.0 = Debug|Any CPU
		{8A25C5BF-3FEB-4982-8B78-D66B2D0D9B6E}.Release|Any CPU.ActiveCfg = Release|Any CPU
		{8A25C5BF-3FEB-4982-8B78-D66B2D0D9B6E}.Release|Any CPU.Build.0 = Release|Any CPU
	EndGlobalSection
	GlobalSection(SolutionProperties) = preSolution
		HideSolutionNode = FALSE
	EndGlobalSection
EndGlobal
